{
    "version": "0.5",
    "requires": [
        "stduuid/1.2.3#6faafc03e1d59789d6304ed3f46b74d4%1696960911.728",
        "rang/3.2#59ed4601f856325fb467bbec56183016%1679252415.349",
        "ms-gsl/4.0.0#057429d7a351a5819da5ddd19ee33665%1730272183.697",
        "doctest/2.4.11#a4211dfc329a16ba9f280f9574025659%1681601797.282",
        "cxxopts/3.2.0#8026d4f53938b476b36288e5d006bcfb%1707978559.524"
    ],
    "build_requires": [],
    "python_requires": [],
    "config_requires": []
}